// !$*UTF8*$!
{
	archiveVersion = 1;
	classes = {
	};
	objectVersion = 46;
	objects = {

/* Begin PBXBuildFile section */
		777C701348B8A32859B5C8C8 /* libPods-OneTapAlarmTests.a in Frameworks */ = {isa = PBXBuildFile; fileRef = AD130607790CFC496161722E /* libPods-OneTapAlarmTests.a */; };
		B121EE7A16B02E0400E739AC /* background i5.png in Resources */ = {isa = PBXBuildFile; fileRef = B121EE7616B02E0400E739AC /* background i5.png */; };
		B121EE7B16B02E0400E739AC /* background.png in Resources */ = {isa = PBXBuildFile; fileRef = B121EE7716B02E0400E739AC /* background.png */; };
		B121EE7D16B02E0400E739AC /* gola.png in Resources */ = {isa = PBXBuildFile; fileRef = B121EE7916B02E0400E739AC /* gola.png */; };
		B121EE8016B02E7A00E739AC /* Clock.png in Resources */ = {isa = PBXBuildFile; fileRef = B121EE7F16B02E7A00E739AC /* Clock.png */; };
		B1253C231C34415600F98799 /* NGAlarmsTableViewController.m in Sources */ = {isa = PBXBuildFile; fileRef = B1253C221C34415600F98799 /* NGAlarmsTableViewController.m */; };
		B1287A4618AC0983001A44F4 /* Icon-60@2x.png in Resources */ = {isa = PBXBuildFile; fileRef = B1287A4518AC0983001A44F4 /* Icon-60@2x.png */; };
		B1287A4818AC0E0B001A44F4 /* Default-568@2x.png in Resources */ = {isa = PBXBuildFile; fileRef = B1287A4718AC0E0B001A44F4 /* Default-568@2x.png */; };
		B161AF82182E9E0D00611941 /* NGTime.m in Sources */ = {isa = PBXBuildFile; fileRef = B161AF81182E9E0D00611941 /* NGTime.m */; };
		B161AF85182F7BC400611941 /* NGClockView.m in Sources */ = {isa = PBXBuildFile; fileRef = B161AF84182F7BC400611941 /* NGClockView.m */; };
		B16F967418B650B4008A6A58 /* alarm_long.mp3 in Resources */ = {isa = PBXBuildFile; fileRef = B16F967318B650B4008A6A58 /* alarm_long.mp3 */; };
		B16F967618B65DA3008A6A58 /* Default-568h@2x.png in Resources */ = {isa = PBXBuildFile; fileRef = B16F967518B65DA3008A6A58 /* Default-568h@2x.png */; };
		B16F967818B689C1008A6A58 /* MainStoryboard.storyboard in Resources */ = {isa = PBXBuildFile; fileRef = B16F967718B689C1008A6A58 /* MainStoryboard.storyboard */; };
		B16F967A18B68A82008A6A58 /* Images.xcassets in Resources */ = {isa = PBXBuildFile; fileRef = B16F967918B68A82008A6A58 /* Images.xcassets */; };
		B17D802C1C370634006E2605 /* NGClock.m in Sources */ = {isa = PBXBuildFile; fileRef = B17D802B1C370634006E2605 /* NGClock.m */; };
		B17D802F1C370B79006E2605 /* NGClockManager.m in Sources */ = {isa = PBXBuildFile; fileRef = B17D802E1C370B79006E2605 /* NGClockManager.m */; };
		B18821C618472C2A002AEBD9 /* alarm.mp3 in Resources */ = {isa = PBXBuildFile; fileRef = B18821C518472C2A002AEBD9 /* alarm.mp3 */; };
		B1901418168F015100B5E183 /* UIKit.framework in Frameworks */ = {isa = PBXBuildFile; fileRef = B1901417168F015100B5E183 /* UIKit.framework */; };
		B190141A168F015100B5E183 /* Foundation.framework in Frameworks */ = {isa = PBXBuildFile; fileRef = B1901419168F015100B5E183 /* Foundation.framework */; };
		B190141C168F015100B5E183 /* CoreGraphics.framework in Frameworks */ = {isa = PBXBuildFile; fileRef = B190141B168F015100B5E183 /* CoreGraphics.framework */; };
		B1901422168F015100B5E183 /* InfoPlist.strings in Resources */ = {isa = PBXBuildFile; fileRef = B1901420168F015100B5E183 /* InfoPlist.strings */; };
		B1901424168F015200B5E183 /* main.m in Sources */ = {isa = PBXBuildFile; fileRef = B1901423168F015100B5E183 /* main.m */; };
		B1901428168F015200B5E183 /* NGAppDelegate.m in Sources */ = {isa = PBXBuildFile; fileRef = B1901427168F015200B5E183 /* NGAppDelegate.m */; };
		B190142A168F015200B5E183 /* Default.png in Resources */ = {isa = PBXBuildFile; fileRef = B1901429168F015200B5E183 /* Default.png */; };
		B190142C168F015200B5E183 /* Default@2x.png in Resources */ = {isa = PBXBuildFile; fileRef = B190142B168F015200B5E183 /* Default@2x.png */; };
		B1901437168F015200B5E183 /* NGViewController.m in Sources */ = {isa = PBXBuildFile; fileRef = B1901436168F015200B5E183 /* NGViewController.m */; };
		B190143E168F082500B5E183 /* QuartzCore.framework in Frameworks */ = {isa = PBXBuildFile; fileRef = B190143D168F082500B5E183 /* QuartzCore.framework */; };
		B1A49AC318B538FC000F1C72 /* CRToast.m in Sources */ = {isa = PBXBuildFile; fileRef = B1A49AC218B538FC000F1C72 /* CRToast.m */; };
		B1CAEF5718D4ACCC007FD8B6 /* AudioToolbox.framework in Frameworks */ = {isa = PBXBuildFile; fileRef = B1CAEF5618D4ACCC007FD8B6 /* AudioToolbox.framework */; };
		B1CAEF5918D4ACD7007FD8B6 /* CFNetwork.framework in Frameworks */ = {isa = PBXBuildFile; fileRef = B1CAEF5818D4ACD7007FD8B6 /* CFNetwork.framework */; };
		B1CAEF5B18D4ACEE007FD8B6 /* CoreLocation.framework in Frameworks */ = {isa = PBXBuildFile; fileRef = B1CAEF5A18D4ACEE007FD8B6 /* CoreLocation.framework */; };
		B1CAEF5D18D4ACFB007FD8B6 /* libz.dylib in Frameworks */ = {isa = PBXBuildFile; fileRef = B1CAEF5C18D4ACFB007FD8B6 /* libz.dylib */; };
		B1CAEF5F18D4AD04007FD8B6 /* MobileCoreServices.framework in Frameworks */ = {isa = PBXBuildFile; fileRef = B1CAEF5E18D4AD04007FD8B6 /* MobileCoreServices.framework */; };
		B1CAEF6118D4AD16007FD8B6 /* Security.framework in Frameworks */ = {isa = PBXBuildFile; fileRef = B1CAEF6018D4AD16007FD8B6 /* Security.framework */; };
		B1CAEF6318D4AD20007FD8B6 /* StoreKit.framework in Frameworks */ = {isa = PBXBuildFile; fileRef = B1CAEF6218D4AD20007FD8B6 /* StoreKit.framework */; };
		B1CAEF6518D4AD2E007FD8B6 /* SystemConfiguration.framework in Frameworks */ = {isa = PBXBuildFile; fileRef = B1CAEF6418D4AD2E007FD8B6 /* SystemConfiguration.framework */; };
		B1CAEF6718D4B898007FD8B6 /* parse.plist in Resources */ = {isa = PBXBuildFile; fileRef = B1CAEF6618D4B898007FD8B6 /* parse.plist */; };
		B1FB3B511694199C00B86EB0 /* sun.png in Resources */ = {isa = PBXBuildFile; fileRef = B1FB3B501694199C00B86EB0 /* sun.png */; };
		BC234A9F458AB13FEEB34BC3 /* libPods-OneTapAlarm.a in Frameworks */ = {isa = PBXBuildFile; fileRef = DA140406D5B233F815E9BB2D /* libPods-OneTapAlarm.a */; };
		CD21B1701EC904B900AD4F6D /* flurry-config.plist in Resources */ = {isa = PBXBuildFile; fileRef = CD21B16F1EC904B900AD4F6D /* flurry-config.plist */; };
		CD21B1741EC906E600AD4F6D /* NGAnalytics.m in Sources */ = {isa = PBXBuildFile; fileRef = CD21B1731EC906E600AD4F6D /* NGAnalytics.m */; };
		CD6CE39C1EBE25040083C45F /* OneTapAlarmTests.m in Sources */ = {isa = PBXBuildFile; fileRef = CD6CE39B1EBE25040083C45F /* OneTapAlarmTests.m */; };
		CD6CE3A41EBE26540083C45F /* NGTimeTests.m in Sources */ = {isa = PBXBuildFile; fileRef = CD6CE3A31EBE26540083C45F /* NGTimeTests.m */; };
		CD6CE3A71EC0B4930083C45F /* NGNotificationUtility.m in Sources */ = {isa = PBXBuildFile; fileRef = CD6CE3A61EC0B4920083C45F /* NGNotificationUtility.m */; };
/* End PBXBuildFile section */

/* Begin PBXContainerItemProxy section */
		CD6CE39E1EBE25040083C45F /* PBXContainerItemProxy */ = {
			isa = PBXContainerItemProxy;
			containerPortal = B190140A168F015100B5E183 /* Project object */;
			proxyType = 1;
			remoteGlobalIDString = B1901412168F015100B5E183;
			remoteInfo = OneTapAlarm;
		};
/* End PBXContainerItemProxy section */

/* Begin PBXFileReference section */
		05FBB34BD300EDAD29CCE185 /* Pods-OneTapAlarm.release.xcconfig */ = {isa = PBXFileReference; includeInIndex = 1; lastKnownFileType = text.xcconfig; name = "Pods-OneTapAlarm.release.xcconfig"; path = "Pods/Target Support Files/Pods-OneTapAlarm/Pods-OneTapAlarm.release.xcconfig"; sourceTree = "<group>"; };
		1973B058DA77F357E6E960C9 /* Pods-OneTapAlarm.debug.xcconfig */ = {isa = PBXFileReference; includeInIndex = 1; lastKnownFileType = text.xcconfig; name = "Pods-OneTapAlarm.debug.xcconfig"; path = "Pods/Target Support Files/Pods-OneTapAlarm/Pods-OneTapAlarm.debug.xcconfig"; sourceTree = "<group>"; };
		1CB05ADBDFDEDF7941DE7FB0 /* Pods-OneTapAlarmTests.release.xcconfig */ = {isa = PBXFileReference; includeInIndex = 1; lastKnownFileType = text.xcconfig; name = "Pods-OneTapAlarmTests.release.xcconfig"; path = "Pods/Target Support Files/Pods-OneTapAlarmTests/Pods-OneTapAlarmTests.release.xcconfig"; sourceTree = "<group>"; };
		A1628060FC4625CC3C14B270 /* Pods-OneTapAlarmTests.debug.xcconfig */ = {isa = PBXFileReference; includeInIndex = 1; lastKnownFileType = text.xcconfig; name = "Pods-OneTapAlarmTests.debug.xcconfig"; path = "Pods/Target Support Files/Pods-OneTapAlarmTests/Pods-OneTapAlarmTests.debug.xcconfig"; sourceTree = "<group>"; };
		AD130607790CFC496161722E /* libPods-OneTapAlarmTests.a */ = {isa = PBXFileReference; explicitFileType = archive.ar; includeInIndex = 0; path = "libPods-OneTapAlarmTests.a"; sourceTree = BUILT_PRODUCTS_DIR; };
		B121EE7616B02E0400E739AC /* background i5.png */ = {isa = PBXFileReference; lastKnownFileType = image.png; path = "background i5.png"; sourceTree = "<group>"; };
		B121EE7716B02E0400E739AC /* background.png */ = {isa = PBXFileReference; lastKnownFileType = image.png; path = background.png; sourceTree = "<group>"; };
		B121EE7916B02E0400E739AC /* gola.png */ = {isa = PBXFileReference; lastKnownFileType = image.png; path = gola.png; sourceTree = "<group>"; };
		B121EE7F16B02E7A00E739AC /* Clock.png */ = {isa = PBXFileReference; lastKnownFileType = image.png; path = Clock.png; sourceTree = "<group>"; };
		B1253C211C34415600F98799 /* NGAlarmsTableViewController.h */ = {isa = PBXFileReference; fileEncoding = 4; lastKnownFileType = sourcecode.c.h; name = NGAlarmsTableViewController.h; path = classes/NGAlarmsTableViewController.h; sourceTree = "<group>"; };
		B1253C221C34415600F98799 /* NGAlarmsTableViewController.m */ = {isa = PBXFileReference; fileEncoding = 4; lastKnownFileType = sourcecode.c.objc; name = NGAlarmsTableViewController.m; path = classes/NGAlarmsTableViewController.m; sourceTree = "<group>"; };
		B1287A4518AC0983001A44F4 /* Icon-60@2x.png */ = {isa = PBXFileReference; lastKnownFileType = image.png; path = "Icon-60@2x.png"; sourceTree = "<group>"; };
		B1287A4718AC0E0B001A44F4 /* Default-568@2x.png */ = {isa = PBXFileReference; lastKnownFileType = image.png; path = "Default-568@2x.png"; sourceTree = "<group>"; };
		B161AF80182E9E0D00611941 /* NGTime.h */ = {isa = PBXFileReference; fileEncoding = 4; lastKnownFileType = sourcecode.c.h; name = NGTime.h; path = classes/NGTime.h; sourceTree = "<group>"; };
		B161AF81182E9E0D00611941 /* NGTime.m */ = {isa = PBXFileReference; fileEncoding = 4; lastKnownFileType = sourcecode.c.objc; name = NGTime.m; path = classes/NGTime.m; sourceTree = "<group>"; };
		B161AF83182F7BC400611941 /* NGClockView.h */ = {isa = PBXFileReference; fileEncoding = 4; lastKnownFileType = sourcecode.c.h; name = NGClockView.h; path = classes/NGClockView.h; sourceTree = "<group>"; };
		B161AF84182F7BC400611941 /* NGClockView.m */ = {isa = PBXFileReference; fileEncoding = 4; lastKnownFileType = sourcecode.c.objc; name = NGClockView.m; path = classes/NGClockView.m; sourceTree = "<group>"; };
		B16F967318B650B4008A6A58 /* alarm_long.mp3 */ = {isa = PBXFileReference; lastKnownFileType = audio.mp3; path = alarm_long.mp3; sourceTree = "<group>"; };
		B16F967518B65DA3008A6A58 /* Default-568h@2x.png */ = {isa = PBXFileReference; lastKnownFileType = image.png; path = "Default-568h@2x.png"; sourceTree = "<group>"; };
		B16F967718B689C1008A6A58 /* MainStoryboard.storyboard */ = {isa = PBXFileReference; fileEncoding = 4; lastKnownFileType = file.storyboard; path = MainStoryboard.storyboard; sourceTree = "<group>"; };
		B16F967918B68A82008A6A58 /* Images.xcassets */ = {isa = PBXFileReference; lastKnownFileType = folder.assetcatalog; path = Images.xcassets; sourceTree = "<group>"; };
		B17D802A1C370634006E2605 /* NGClock.h */ = {isa = PBXFileReference; fileEncoding = 4; lastKnownFileType = sourcecode.c.h; name = NGClock.h; path = classes/NGClock.h; sourceTree = "<group>"; };
		B17D802B1C370634006E2605 /* NGClock.m */ = {isa = PBXFileReference; fileEncoding = 4; lastKnownFileType = sourcecode.c.objc; name = NGClock.m; path = classes/NGClock.m; sourceTree = "<group>"; };
		B17D802D1C370B79006E2605 /* NGClockManager.h */ = {isa = PBXFileReference; fileEncoding = 4; lastKnownFileType = sourcecode.c.h; name = NGClockManager.h; path = classes/NGClockManager.h; sourceTree = "<group>"; };
		B17D802E1C370B79006E2605 /* NGClockManager.m */ = {isa = PBXFileReference; fileEncoding = 4; lastKnownFileType = sourcecode.c.objc; name = NGClockManager.m; path = classes/NGClockManager.m; sourceTree = "<group>"; };
		B18821C518472C2A002AEBD9 /* alarm.mp3 */ = {isa = PBXFileReference; lastKnownFileType = audio.mp3; path = alarm.mp3; sourceTree = "<group>"; };
		B1901413168F015100B5E183 /* OneTapAlarm.app */ = {isa = PBXFileReference; explicitFileType = wrapper.application; includeInIndex = 0; path = OneTapAlarm.app; sourceTree = BUILT_PRODUCTS_DIR; };
		B1901417168F015100B5E183 /* UIKit.framework */ = {isa = PBXFileReference; lastKnownFileType = wrapper.framework; name = UIKit.framework; path = System/Library/Frameworks/UIKit.framework; sourceTree = SDKROOT; };
		B1901419168F015100B5E183 /* Foundation.framework */ = {isa = PBXFileReference; lastKnownFileType = wrapper.framework; name = Foundation.framework; path = System/Library/Frameworks/Foundation.framework; sourceTree = SDKROOT; };
		B190141B168F015100B5E183 /* CoreGraphics.framework */ = {isa = PBXFileReference; lastKnownFileType = wrapper.framework; name = CoreGraphics.framework; path = System/Library/Frameworks/CoreGraphics.framework; sourceTree = SDKROOT; };
		B190141F168F015100B5E183 /* OneTapAlarm-Info.plist */ = {isa = PBXFileReference; lastKnownFileType = text.plist.xml; path = "OneTapAlarm-Info.plist"; sourceTree = "<group>"; };
		B1901421168F015100B5E183 /* en */ = {isa = PBXFileReference; lastKnownFileType = text.plist.strings; name = en; path = en.lproj/InfoPlist.strings; sourceTree = "<group>"; };
		B1901423168F015100B5E183 /* main.m */ = {isa = PBXFileReference; lastKnownFileType = sourcecode.c.objc; path = main.m; sourceTree = "<group>"; };
		B1901425168F015200B5E183 /* OneTapAlarm-Prefix.pch */ = {isa = PBXFileReference; lastKnownFileType = sourcecode.c.h; path = "OneTapAlarm-Prefix.pch"; sourceTree = "<group>"; };
		B1901426168F015200B5E183 /* NGAppDelegate.h */ = {isa = PBXFileReference; lastKnownFileType = sourcecode.c.h; path = NGAppDelegate.h; sourceTree = "<group>"; };
		B1901427168F015200B5E183 /* NGAppDelegate.m */ = {isa = PBXFileReference; lastKnownFileType = sourcecode.c.objc; path = NGAppDelegate.m; sourceTree = "<group>"; };
		B1901429168F015200B5E183 /* Default.png */ = {isa = PBXFileReference; lastKnownFileType = image.png; path = Default.png; sourceTree = "<group>"; };
		B190142B168F015200B5E183 /* Default@2x.png */ = {isa = PBXFileReference; lastKnownFileType = image.png; path = "Default@2x.png"; sourceTree = "<group>"; };
		B1901435168F015200B5E183 /* NGViewController.h */ = {isa = PBXFileReference; lastKnownFileType = sourcecode.c.h; path = NGViewController.h; sourceTree = "<group>"; };
		B1901436168F015200B5E183 /* NGViewController.m */ = {isa = PBXFileReference; lastKnownFileType = sourcecode.c.objc; path = NGViewController.m; sourceTree = "<group>"; };
		B190143D168F082500B5E183 /* QuartzCore.framework */ = {isa = PBXFileReference; lastKnownFileType = wrapper.framework; name = QuartzCore.framework; path = System/Library/Frameworks/QuartzCore.framework; sourceTree = SDKROOT; };
		B1A49AC118B538FC000F1C72 /* CRToast.h */ = {isa = PBXFileReference; fileEncoding = 4; lastKnownFileType = sourcecode.c.h; path = CRToast.h; sourceTree = "<group>"; };
		B1A49AC218B538FC000F1C72 /* CRToast.m */ = {isa = PBXFileReference; fileEncoding = 4; lastKnownFileType = sourcecode.c.objc; path = CRToast.m; sourceTree = "<group>"; };
		B1CAEF5418D4A9C4007FD8B6 /* Parse.framework */ = {isa = PBXFileReference; lastKnownFileType = wrapper.framework; path = Parse.framework; sourceTree = "<group>"; };
		B1CAEF5618D4ACCC007FD8B6 /* AudioToolbox.framework */ = {isa = PBXFileReference; lastKnownFileType = wrapper.framework; name = AudioToolbox.framework; path = System/Library/Frameworks/AudioToolbox.framework; sourceTree = SDKROOT; };
		B1CAEF5818D4ACD7007FD8B6 /* CFNetwork.framework */ = {isa = PBXFileReference; lastKnownFileType = wrapper.framework; name = CFNetwork.framework; path = System/Library/Frameworks/CFNetwork.framework; sourceTree = SDKROOT; };
		B1CAEF5A18D4ACEE007FD8B6 /* CoreLocation.framework */ = {isa = PBXFileReference; lastKnownFileType = wrapper.framework; name = CoreLocation.framework; path = System/Library/Frameworks/CoreLocation.framework; sourceTree = SDKROOT; };
		B1CAEF5C18D4ACFB007FD8B6 /* libz.dylib */ = {isa = PBXFileReference; lastKnownFileType = "compiled.mach-o.dylib"; name = libz.dylib; path = usr/lib/libz.dylib; sourceTree = SDKROOT; };
		B1CAEF5E18D4AD04007FD8B6 /* MobileCoreServices.framework */ = {isa = PBXFileReference; lastKnownFileType = wrapper.framework; name = MobileCoreServices.framework; path = System/Library/Frameworks/MobileCoreServices.framework; sourceTree = SDKROOT; };
		B1CAEF6018D4AD16007FD8B6 /* Security.framework */ = {isa = PBXFileReference; lastKnownFileType = wrapper.framework; name = Security.framework; path = System/Library/Frameworks/Security.framework; sourceTree = SDKROOT; };
		B1CAEF6218D4AD20007FD8B6 /* StoreKit.framework */ = {isa = PBXFileReference; lastKnownFileType = wrapper.framework; name = StoreKit.framework; path = System/Library/Frameworks/StoreKit.framework; sourceTree = SDKROOT; };
		B1CAEF6418D4AD2E007FD8B6 /* SystemConfiguration.framework */ = {isa = PBXFileReference; lastKnownFileType = wrapper.framework; name = SystemConfiguration.framework; path = System/Library/Frameworks/SystemConfiguration.framework; sourceTree = SDKROOT; };
		B1CAEF6618D4B898007FD8B6 /* parse.plist */ = {isa = PBXFileReference; fileEncoding = 4; lastKnownFileType = text.plist.xml; path = parse.plist; sourceTree = "<group>"; };
		B1FB3B501694199C00B86EB0 /* sun.png */ = {isa = PBXFileReference; lastKnownFileType = image.png; path = sun.png; sourceTree = "<group>"; };
		CD21B16F1EC904B900AD4F6D /* flurry-config.plist */ = {isa = PBXFileReference; fileEncoding = 4; lastKnownFileType = text.plist.xml; path = "flurry-config.plist"; sourceTree = "<group>"; };
		CD21B1721EC906E600AD4F6D /* NGAnalytics.h */ = {isa = PBXFileReference; fileEncoding = 4; lastKnownFileType = sourcecode.c.h; name = NGAnalytics.h; path = Helpers/NGAnalytics.h; sourceTree = "<group>"; };
		CD21B1731EC906E600AD4F6D /* NGAnalytics.m */ = {isa = PBXFileReference; fileEncoding = 4; lastKnownFileType = sourcecode.c.objc; name = NGAnalytics.m; path = Helpers/NGAnalytics.m; sourceTree = "<group>"; };
		CD6CE3991EBE25030083C45F /* OneTapAlarmTests.xctest */ = {isa = PBXFileReference; explicitFileType = wrapper.cfbundle; includeInIndex = 0; path = OneTapAlarmTests.xctest; sourceTree = BUILT_PRODUCTS_DIR; };
		CD6CE39B1EBE25040083C45F /* OneTapAlarmTests.m */ = {isa = PBXFileReference; lastKnownFileType = sourcecode.c.objc; path = OneTapAlarmTests.m; sourceTree = "<group>"; };
		CD6CE39D1EBE25040083C45F /* Info.plist */ = {isa = PBXFileReference; lastKnownFileType = text.plist.xml; path = Info.plist; sourceTree = "<group>"; };
		CD6CE3A31EBE26540083C45F /* NGTimeTests.m */ = {isa = PBXFileReference; fileEncoding = 4; lastKnownFileType = sourcecode.c.objc; path = NGTimeTests.m; sourceTree = "<group>"; };
		CD6CE3A51EC0B4920083C45F /* NGNotificationUtility.h */ = {isa = PBXFileReference; fileEncoding = 4; lastKnownFileType = sourcecode.c.h; name = NGNotificationUtility.h; path = utilities/NGNotificationUtility.h; sourceTree = "<group>"; };
		CD6CE3A61EC0B4920083C45F /* NGNotificationUtility.m */ = {isa = PBXFileReference; fileEncoding = 4; lastKnownFileType = sourcecode.c.objc; name = NGNotificationUtility.m; path = utilities/NGNotificationUtility.m; sourceTree = "<group>"; };
		DA140406D5B233F815E9BB2D /* libPods-OneTapAlarm.a */ = {isa = PBXFileReference; explicitFileType = archive.ar; includeInIndex = 0; path = "libPods-OneTapAlarm.a"; sourceTree = BUILT_PRODUCTS_DIR; };
/* End PBXFileReference section */

/* Begin PBXFrameworksBuildPhase section */
		B1901410168F015100B5E183 /* Frameworks */ = {
			isa = PBXFrameworksBuildPhase;
			buildActionMask = 2147483647;
			files = (
				B1CAEF6518D4AD2E007FD8B6 /* SystemConfiguration.framework in Frameworks */,
				B1CAEF6318D4AD20007FD8B6 /* StoreKit.framework in Frameworks */,
				B1CAEF6118D4AD16007FD8B6 /* Security.framework in Frameworks */,
				B190143E168F082500B5E183 /* QuartzCore.framework in Frameworks */,
				B1CAEF5F18D4AD04007FD8B6 /* MobileCoreServices.framework in Frameworks */,
				B1CAEF5D18D4ACFB007FD8B6 /* libz.dylib in Frameworks */,
				B1CAEF5B18D4ACEE007FD8B6 /* CoreLocation.framework in Frameworks */,
				B190141C168F015100B5E183 /* CoreGraphics.framework in Frameworks */,
				B1CAEF5918D4ACD7007FD8B6 /* CFNetwork.framework in Frameworks */,
				B1CAEF5718D4ACCC007FD8B6 /* AudioToolbox.framework in Frameworks */,
				B1901418168F015100B5E183 /* UIKit.framework in Frameworks */,
				B190141A168F015100B5E183 /* Foundation.framework in Frameworks */,
				BC234A9F458AB13FEEB34BC3 /* libPods-OneTapAlarm.a in Frameworks */,
			);
			runOnlyForDeploymentPostprocessing = 0;
		};
		CD6CE3961EBE25030083C45F /* Frameworks */ = {
			isa = PBXFrameworksBuildPhase;
			buildActionMask = 2147483647;
			files = (
				777C701348B8A32859B5C8C8 /* libPods-OneTapAlarmTests.a in Frameworks */,
			);
			runOnlyForDeploymentPostprocessing = 0;
		};
/* End PBXFrameworksBuildPhase section */

/* Begin PBXGroup section */
		B1901408168F015100B5E183 = {
			isa = PBXGroup;
			children = (
				B1A49AC018B538FC000F1C72 /* CRToast */,
				B190141D168F015100B5E183 /* OneTapAlarm */,
				CD6CE39A1EBE25040083C45F /* OneTapAlarmTests */,
				B1901416168F015100B5E183 /* Frameworks */,
				B1901414168F015100B5E183 /* Products */,
				BE7EE495A2F3B5160131D1A5 /* Pods */,
			);
			sourceTree = "<group>";
		};
		B1901414168F015100B5E183 /* Products */ = {
			isa = PBXGroup;
			children = (
				B1901413168F015100B5E183 /* OneTapAlarm.app */,
				CD6CE3991EBE25030083C45F /* OneTapAlarmTests.xctest */,
			);
			name = Products;
			sourceTree = "<group>";
		};
		B1901416168F015100B5E183 /* Frameworks */ = {
			isa = PBXGroup;
			children = (
				B190143D168F082500B5E183 /* QuartzCore.framework */,
				B1CAEF6418D4AD2E007FD8B6 /* SystemConfiguration.framework */,
				B1CAEF6218D4AD20007FD8B6 /* StoreKit.framework */,
				B1CAEF6018D4AD16007FD8B6 /* Security.framework */,
				B1CAEF5E18D4AD04007FD8B6 /* MobileCoreServices.framework */,
				B1CAEF5C18D4ACFB007FD8B6 /* libz.dylib */,
				B1CAEF5A18D4ACEE007FD8B6 /* CoreLocation.framework */,
				B1CAEF5818D4ACD7007FD8B6 /* CFNetwork.framework */,
				B1CAEF5618D4ACCC007FD8B6 /* AudioToolbox.framework */,
				B1CAEF5418D4A9C4007FD8B6 /* Parse.framework */,
				B1901417168F015100B5E183 /* UIKit.framework */,
				B1901419168F015100B5E183 /* Foundation.framework */,
				B190141B168F015100B5E183 /* CoreGraphics.framework */,
				DA140406D5B233F815E9BB2D /* libPods-OneTapAlarm.a */,
				AD130607790CFC496161722E /* libPods-OneTapAlarmTests.a */,
			);
			name = Frameworks;
			sourceTree = "<group>";
		};
		B190141D168F015100B5E183 /* OneTapAlarm */ = {
			isa = PBXGroup;
			children = (
				CD21B1711EC906B400AD4F6D /* Helpers */,
				CD6CE3A81EC0B4AC0083C45F /* Utilities */,
				B16F967718B689C1008A6A58 /* MainStoryboard.storyboard */,
				B1901426168F015200B5E183 /* NGAppDelegate.h */,
				B1901427168F015200B5E183 /* NGAppDelegate.m */,
				B1253C211C34415600F98799 /* NGAlarmsTableViewController.h */,
				B1253C221C34415600F98799 /* NGAlarmsTableViewController.m */,
				B1901435168F015200B5E183 /* NGViewController.h */,
				B1901436168F015200B5E183 /* NGViewController.m */,
				B161AF80182E9E0D00611941 /* NGTime.h */,
				B161AF81182E9E0D00611941 /* NGTime.m */,
				B161AF83182F7BC400611941 /* NGClockView.h */,
				B161AF84182F7BC400611941 /* NGClockView.m */,
				B17D802A1C370634006E2605 /* NGClock.h */,
				B17D802B1C370634006E2605 /* NGClock.m */,
				B17D802D1C370B79006E2605 /* NGClockManager.h */,
				B17D802E1C370B79006E2605 /* NGClockManager.m */,
				B16F967918B68A82008A6A58 /* Images.xcassets */,
				B190141E168F015100B5E183 /* Supporting Files */,
			);
			path = OneTapAlarm;
			sourceTree = "<group>";
		};
		B190141E168F015100B5E183 /* Supporting Files */ = {
			isa = PBXGroup;
			children = (
				CD21B16F1EC904B900AD4F6D /* flurry-config.plist */,
				B1CAEF6618D4B898007FD8B6 /* parse.plist */,
				B16F967518B65DA3008A6A58 /* Default-568h@2x.png */,
				B16F967318B650B4008A6A58 /* alarm_long.mp3 */,
				B1287A4718AC0E0B001A44F4 /* Default-568@2x.png */,
				B1287A4518AC0983001A44F4 /* Icon-60@2x.png */,
				B18821C518472C2A002AEBD9 /* alarm.mp3 */,
				B121EE7F16B02E7A00E739AC /* Clock.png */,
				B121EE7616B02E0400E739AC /* background i5.png */,
				B121EE7716B02E0400E739AC /* background.png */,
				B121EE7916B02E0400E739AC /* gola.png */,
				B1FB3B501694199C00B86EB0 /* sun.png */,
				B190141F168F015100B5E183 /* OneTapAlarm-Info.plist */,
				B1901420168F015100B5E183 /* InfoPlist.strings */,
				B1901423168F015100B5E183 /* main.m */,
				B1901425168F015200B5E183 /* OneTapAlarm-Prefix.pch */,
				B1901429168F015200B5E183 /* Default.png */,
				B190142B168F015200B5E183 /* Default@2x.png */,
			);
			name = "Supporting Files";
			sourceTree = "<group>";
		};
		B1A49AC018B538FC000F1C72 /* CRToast */ = {
			isa = PBXGroup;
			children = (
				B1A49AC118B538FC000F1C72 /* CRToast.h */,
				B1A49AC218B538FC000F1C72 /* CRToast.m */,
			);
			path = CRToast;
			sourceTree = "<group>";
		};
		BE7EE495A2F3B5160131D1A5 /* Pods */ = {
			isa = PBXGroup;
			children = (
				1973B058DA77F357E6E960C9 /* Pods-OneTapAlarm.debug.xcconfig */,
				05FBB34BD300EDAD29CCE185 /* Pods-OneTapAlarm.release.xcconfig */,
				A1628060FC4625CC3C14B270 /* Pods-OneTapAlarmTests.debug.xcconfig */,
				1CB05ADBDFDEDF7941DE7FB0 /* Pods-OneTapAlarmTests.release.xcconfig */,
			);
			name = Pods;
			sourceTree = "<group>";
		};
		CD21B1711EC906B400AD4F6D /* Helpers */ = {
			isa = PBXGroup;
			children = (
				CD21B1721EC906E600AD4F6D /* NGAnalytics.h */,
				CD21B1731EC906E600AD4F6D /* NGAnalytics.m */,
			);
			name = Helpers;
			sourceTree = "<group>";
		};
		CD6CE39A1EBE25040083C45F /* OneTapAlarmTests */ = {
			isa = PBXGroup;
			children = (
				CD6CE39D1EBE25040083C45F /* Info.plist */,
				CD6CE39B1EBE25040083C45F /* OneTapAlarmTests.m */,
				CD6CE3A31EBE26540083C45F /* NGTimeTests.m */,
			);
			path = OneTapAlarmTests;
			sourceTree = "<group>";
		};
		CD6CE3A81EC0B4AC0083C45F /* Utilities */ = {
			isa = PBXGroup;
			children = (
				CD6CE3A51EC0B4920083C45F /* NGNotificationUtility.h */,
				CD6CE3A61EC0B4920083C45F /* NGNotificationUtility.m */,
			);
			name = Utilities;
			sourceTree = "<group>";
		};
/* End PBXGroup section */

/* Begin PBXNativeTarget section */
		B1901412168F015100B5E183 /* OneTapAlarm */ = {
			isa = PBXNativeTarget;
			buildConfigurationList = B190143A168F015200B5E183 /* Build configuration list for PBXNativeTarget "OneTapAlarm" */;
			buildPhases = (
				8943F204724D885C4283EC01 /* [CP] Check Pods Manifest.lock */,
				B190140F168F015100B5E183 /* Sources */,
				B1901410168F015100B5E183 /* Frameworks */,
				B1901411168F015100B5E183 /* Resources */,
				EC6504FFD014A81075A4685B /* [CP] Embed Pods Frameworks */,
				AEB97F16C1A5D1FC44FAE410 /* [CP] Copy Pods Resources */,
			);
			buildRules = (
			);
			dependencies = (
			);
			name = OneTapAlarm;
			productName = OneTapAlarm;
			productReference = B1901413168F015100B5E183 /* OneTapAlarm.app */;
			productType = "com.apple.product-type.application";
		};
		CD6CE3981EBE25030083C45F /* OneTapAlarmTests */ = {
			isa = PBXNativeTarget;
			buildConfigurationList = CD6CE3A21EBE25040083C45F /* Build configuration list for PBXNativeTarget "OneTapAlarmTests" */;
			buildPhases = (
				D591FB13D14671D331C2439B /* [CP] Check Pods Manifest.lock */,
				CD6CE3951EBE25030083C45F /* Sources */,
				CD6CE3961EBE25030083C45F /* Frameworks */,
				CD6CE3971EBE25030083C45F /* Resources */,
				AD261FEFFB52AB700C1BF1D6 /* [CP] Embed Pods Frameworks */,
				6A2E8E7D4A7D90E56C128BB9 /* [CP] Copy Pods Resources */,
			);
			buildRules = (
			);
			dependencies = (
				CD6CE39F1EBE25040083C45F /* PBXTargetDependency */,
			);
			name = OneTapAlarmTests;
			productName = OneTapAlarmTests;
			productReference = CD6CE3991EBE25030083C45F /* OneTapAlarmTests.xctest */;
			productType = "com.apple.product-type.bundle.unit-test";
		};
/* End PBXNativeTarget section */

/* Begin PBXProject section */
		B190140A168F015100B5E183 /* Project object */ = {
			isa = PBXProject;
			attributes = {
				CLASSPREFIX = NG;
				LastUpgradeCheck = 0450;
				ORGANIZATIONNAME = "Neetesh Gupta";
				TargetAttributes = {
					B1901412168F015100B5E183 = {
						DevelopmentTeam = MN36AT8M6S;
						ProvisioningStyle = Automatic;
					};
					CD6CE3981EBE25030083C45F = {
						CreatedOnToolsVersion = 8.2.1;
						DevelopmentTeam = MN36AT8M6S;
						ProvisioningStyle = Manual;
						TestTargetID = B1901412168F015100B5E183;
					};
				};
			};
			buildConfigurationList = B190140D168F015100B5E183 /* Build configuration list for PBXProject "OneTapAlarm" */;
			compatibilityVersion = "Xcode 3.2";
			developmentRegion = English;
			hasScannedForEncodings = 0;
			knownRegions = (
				en,
			);
			mainGroup = B1901408168F015100B5E183;
			productRefGroup = B1901414168F015100B5E183 /* Products */;
			projectDirPath = "";
			projectRoot = "";
			targets = (
				B1901412168F015100B5E183 /* OneTapAlarm */,
				CD6CE3981EBE25030083C45F /* OneTapAlarmTests */,
			);
		};
/* End PBXProject section */

/* Begin PBXResourcesBuildPhase section */
		B1901411168F015100B5E183 /* Resources */ = {
			isa = PBXResourcesBuildPhase;
			buildActionMask = 2147483647;
			files = (
				B1CAEF6718D4B898007FD8B6 /* parse.plist in Resources */,
				B1901422168F015100B5E183 /* InfoPlist.strings in Resources */,
				B190142A168F015200B5E183 /* Default.png in Resources */,
				B16F967418B650B4008A6A58 /* alarm_long.mp3 in Resources */,
				B190142C168F015200B5E183 /* Default@2x.png in Resources */,
				B1FB3B511694199C00B86EB0 /* sun.png in Resources */,
				B121EE7A16B02E0400E739AC /* background i5.png in Resources */,
				B16F967A18B68A82008A6A58 /* Images.xcassets in Resources */,
				B121EE7B16B02E0400E739AC /* background.png in Resources */,
				B121EE7D16B02E0400E739AC /* gola.png in Resources */,
				B121EE8016B02E7A00E739AC /* Clock.png in Resources */,
				B16F967618B65DA3008A6A58 /* Default-568h@2x.png in Resources */,
				B16F967818B689C1008A6A58 /* MainStoryboard.storyboard in Resources */,
				B18821C618472C2A002AEBD9 /* alarm.mp3 in Resources */,
				B1287A4818AC0E0B001A44F4 /* Default-568@2x.png in Resources */,
				B1287A4618AC0983001A44F4 /* Icon-60@2x.png in Resources */,
				CD21B1701EC904B900AD4F6D /* flurry-config.plist in Resources */,
			);
			runOnlyForDeploymentPostprocessing = 0;
		};
		CD6CE3971EBE25030083C45F /* Resources */ = {
			isa = PBXResourcesBuildPhase;
			buildActionMask = 2147483647;
			files = (
			);
			runOnlyForDeploymentPostprocessing = 0;
		};
/* End PBXResourcesBuildPhase section */

/* Begin PBXShellScriptBuildPhase section */
		6A2E8E7D4A7D90E56C128BB9 /* [CP] Copy Pods Resources */ = {
			isa = PBXShellScriptBuildPhase;
			buildActionMask = 2147483647;
			files = (
			);
			inputPaths = (
			);
			name = "[CP] Copy Pods Resources";
			outputPaths = (
			);
			runOnlyForDeploymentPostprocessing = 0;
			shellPath = /bin/sh;
			shellScript = "\"${SRCROOT}/Pods/Target Support Files/Pods-OneTapAlarmTests/Pods-OneTapAlarmTests-resources.sh\"\n";
			showEnvVarsInLog = 0;
		};
		8943F204724D885C4283EC01 /* [CP] Check Pods Manifest.lock */ = {
			isa = PBXShellScriptBuildPhase;
			buildActionMask = 2147483647;
			files = (
			);
			inputPaths = (
			);
			name = "[CP] Check Pods Manifest.lock";
			outputPaths = (
			);
			runOnlyForDeploymentPostprocessing = 0;
			shellPath = /bin/sh;
			shellScript = "diff \"${PODS_ROOT}/../Podfile.lock\" \"${PODS_ROOT}/Manifest.lock\" > /dev/null\nif [ $? != 0 ] ; then\n    # print error to STDERR\n    echo \"error: The sandbox is not in sync with the Podfile.lock. Run 'pod install' or update your CocoaPods installation.\" >&2\n    exit 1\nfi\n";
			showEnvVarsInLog = 0;
		};
		AD261FEFFB52AB700C1BF1D6 /* [CP] Embed Pods Frameworks */ = {
			isa = PBXShellScriptBuildPhase;
			buildActionMask = 2147483647;
			files = (
			);
			inputPaths = (
			);
			name = "[CP] Embed Pods Frameworks";
			outputPaths = (
			);
			runOnlyForDeploymentPostprocessing = 0;
			shellPath = /bin/sh;
			shellScript = "\"${SRCROOT}/Pods/Target Support Files/Pods-OneTapAlarmTests/Pods-OneTapAlarmTests-frameworks.sh\"\n";
			showEnvVarsInLog = 0;
		};
		AEB97F16C1A5D1FC44FAE410 /* [CP] Copy Pods Resources */ = {
			isa = PBXShellScriptBuildPhase;
			buildActionMask = 2147483647;
			files = (
			);
			inputPaths = (
			);
			name = "[CP] Copy Pods Resources";
			outputPaths = (
			);
			runOnlyForDeploymentPostprocessing = 0;
			shellPath = /bin/sh;
			shellScript = "\"${SRCROOT}/Pods/Target Support Files/Pods-OneTapAlarm/Pods-OneTapAlarm-resources.sh\"\n";
			showEnvVarsInLog = 0;
		};
		D591FB13D14671D331C2439B /* [CP] Check Pods Manifest.lock */ = {
			isa = PBXShellScriptBuildPhase;
			buildActionMask = 2147483647;
			files = (
			);
			inputPaths = (
			);
			name = "[CP] Check Pods Manifest.lock";
			outputPaths = (
			);
			runOnlyForDeploymentPostprocessing = 0;
			shellPath = /bin/sh;
			shellScript = "diff \"${PODS_ROOT}/../Podfile.lock\" \"${PODS_ROOT}/Manifest.lock\" > /dev/null\nif [ $? != 0 ] ; then\n    # print error to STDERR\n    echo \"error: The sandbox is not in sync with the Podfile.lock. Run 'pod install' or update your CocoaPods installation.\" >&2\n    exit 1\nfi\n";
			showEnvVarsInLog = 0;
		};
		EC6504FFD014A81075A4685B /* [CP] Embed Pods Frameworks */ = {
			isa = PBXShellScriptBuildPhase;
			buildActionMask = 2147483647;
			files = (
			);
			inputPaths = (
			);
			name = "[CP] Embed Pods Frameworks";
			outputPaths = (
			);
			runOnlyForDeploymentPostprocessing = 0;
			shellPath = /bin/sh;
			shellScript = "\"${SRCROOT}/Pods/Target Support Files/Pods-OneTapAlarm/Pods-OneTapAlarm-frameworks.sh\"\n";
			showEnvVarsInLog = 0;
		};
/* End PBXShellScriptBuildPhase section */

/* Begin PBXSourcesBuildPhase section */
		B190140F168F015100B5E183 /* Sources */ = {
			isa = PBXSourcesBuildPhase;
			buildActionMask = 2147483647;
			files = (
				B1901424168F015200B5E183 /* main.m in Sources */,
				B1901428168F015200B5E183 /* NGAppDelegate.m in Sources */,
				B1253C231C34415600F98799 /* NGAlarmsTableViewController.m in Sources */,
				B1A49AC318B538FC000F1C72 /* CRToast.m in Sources */,
				B17D802F1C370B79006E2605 /* NGClockManager.m in Sources */,
				B1901437168F015200B5E183 /* NGViewController.m in Sources */,
				CD21B1741EC906E600AD4F6D /* NGAnalytics.m in Sources */,
				CD6CE3A71EC0B4930083C45F /* NGNotificationUtility.m in Sources */,
				B17D802C1C370634006E2605 /* NGClock.m in Sources */,
				B161AF82182E9E0D00611941 /* NGTime.m in Sources */,
				B161AF85182F7BC400611941 /* NGClockView.m in Sources */,
			);
			runOnlyForDeploymentPostprocessing = 0;
		};
		CD6CE3951EBE25030083C45F /* Sources */ = {
			isa = PBXSourcesBuildPhase;
			buildActionMask = 2147483647;
			files = (
				CD6CE39C1EBE25040083C45F /* OneTapAlarmTests.m in Sources */,
				CD6CE3A41EBE26540083C45F /* NGTimeTests.m in Sources */,
			);
			runOnlyForDeploymentPostprocessing = 0;
		};
/* End PBXSourcesBuildPhase section */

/* Begin PBXTargetDependency section */
		CD6CE39F1EBE25040083C45F /* PBXTargetDependency */ = {
			isa = PBXTargetDependency;
			target = B1901412168F015100B5E183 /* OneTapAlarm */;
			targetProxy = CD6CE39E1EBE25040083C45F /* PBXContainerItemProxy */;
		};
/* End PBXTargetDependency section */

/* Begin PBXVariantGroup section */
		B1901420168F015100B5E183 /* InfoPlist.strings */ = {
			isa = PBXVariantGroup;
			children = (
				B1901421168F015100B5E183 /* en */,
			);
			name = InfoPlist.strings;
			sourceTree = "<group>";
		};
/* End PBXVariantGroup section */

/* Begin XCBuildConfiguration section */
		B1901438168F015200B5E183 /* Debug */ = {
			isa = XCBuildConfiguration;
			buildSettings = {
				ALWAYS_SEARCH_USER_PATHS = NO;
				CLANG_CXX_LANGUAGE_STANDARD = "gnu++0x";
				CLANG_CXX_LIBRARY = "libc++";
				CLANG_ENABLE_OBJC_ARC = YES;
				CLANG_WARN_EMPTY_BODY = YES;
				CLANG_WARN__DUPLICATE_METHOD_MATCH = YES;
				CODE_SIGN_IDENTITY = "iPhone Developer";
				"CODE_SIGN_IDENTITY[sdk=iphoneos*]" = "iPhone Developer";
				COPY_PHASE_STRIP = NO;
				GCC_C_LANGUAGE_STANDARD = gnu99;
				GCC_DYNAMIC_NO_PIC = NO;
				GCC_OPTIMIZATION_LEVEL = 0;
				GCC_PREPROCESSOR_DEFINITIONS = (
					"DEBUG=1",
					"$(inherited)",
				);
				GCC_SYMBOLS_PRIVATE_EXTERN = NO;
				GCC_WARN_ABOUT_RETURN_TYPE = YES;
				GCC_WARN_UNINITIALIZED_AUTOS = YES;
				GCC_WARN_UNUSED_VARIABLE = YES;
				IPHONEOS_DEPLOYMENT_TARGET = 6.0;
				ONLY_ACTIVE_ARCH = YES;
				PROVISIONING_PROFILE = "";
				"PROVISIONING_PROFILE[sdk=iphoneos*]" = "";
				SDKROOT = iphoneos;
				TARGETED_DEVICE_FAMILY = "1,2";
			};
			name = Debug;
		};
		B1901439168F015200B5E183 /* Release */ = {
			isa = XCBuildConfiguration;
			buildSettings = {
				ALWAYS_SEARCH_USER_PATHS = NO;
				CLANG_CXX_LANGUAGE_STANDARD = "gnu++0x";
				CLANG_CXX_LIBRARY = "libc++";
				CLANG_ENABLE_OBJC_ARC = YES;
				CLANG_WARN_EMPTY_BODY = YES;
				CLANG_WARN__DUPLICATE_METHOD_MATCH = YES;
				CODE_SIGN_IDENTITY = "";
				"CODE_SIGN_IDENTITY[sdk=iphoneos*]" = "iPhone Distribution: Neetesh Gupta (MN36AT8M6S)";
				COPY_PHASE_STRIP = YES;
				GCC_C_LANGUAGE_STANDARD = gnu99;
				GCC_WARN_ABOUT_RETURN_TYPE = YES;
				GCC_WARN_UNINITIALIZED_AUTOS = YES;
				GCC_WARN_UNUSED_VARIABLE = YES;
				IPHONEOS_DEPLOYMENT_TARGET = 6.0;
				OTHER_CFLAGS = "-DNS_BLOCK_ASSERTIONS=1";
				PROVISIONING_PROFILE = "";
				SDKROOT = iphoneos;
				TARGETED_DEVICE_FAMILY = "1,2";
				VALIDATE_PRODUCT = YES;
			};
			name = Release;
		};
		B190143B168F015200B5E183 /* Debug */ = {
			isa = XCBuildConfiguration;
			baseConfigurationReference = 1973B058DA77F357E6E960C9 /* Pods-OneTapAlarm.debug.xcconfig */;
			buildSettings = {
				ASSETCATALOG_COMPILER_APPICON_NAME = AppIcon;
				ASSETCATALOG_COMPILER_LAUNCHIMAGE_NAME = LaunchImage;
				CODE_SIGN_IDENTITY = "iPhone Developer";
				"CODE_SIGN_IDENTITY[sdk=iphoneos*]" = "iPhone Developer";
				FRAMEWORK_SEARCH_PATHS = (
					"$(inherited)",
					/Users/neetesh/code/iphone/OneTapAlarm,
				);
				GCC_PRECOMPILE_PREFIX_HEADER = YES;
				GCC_PREFIX_HEADER = "OneTapAlarm/OneTapAlarm-Prefix.pch";
				INFOPLIST_FILE = "OneTapAlarm/OneTapAlarm-Info.plist";
				IPHONEOS_DEPLOYMENT_TARGET = 7.0;
				PRODUCT_NAME = "$(TARGET_NAME)";
				TARGETED_DEVICE_FAMILY = 1;
				WRAPPER_EXTENSION = app;
			};
			name = Debug;
		};
		B190143C168F015200B5E183 /* Release */ = {
			isa = XCBuildConfiguration;
			baseConfigurationReference = 05FBB34BD300EDAD29CCE185 /* Pods-OneTapAlarm.release.xcconfig */;
			buildSettings = {
				ASSETCATALOG_COMPILER_APPICON_NAME = AppIcon;
				ASSETCATALOG_COMPILER_LAUNCHIMAGE_NAME = LaunchImage;
				CODE_SIGN_IDENTITY = "iPhone Developer";
				"CODE_SIGN_IDENTITY[sdk=iphoneos*]" = "iPhone Developer";
				FRAMEWORK_SEARCH_PATHS = (
					"$(inherited)",
					/Users/neetesh/code/iphone/OneTapAlarm,
				);
				GCC_PRECOMPILE_PREFIX_HEADER = YES;
				GCC_PREFIX_HEADER = "OneTapAlarm/OneTapAlarm-Prefix.pch";
				INFOPLIST_FILE = "OneTapAlarm/OneTapAlarm-Info.plist";
				IPHONEOS_DEPLOYMENT_TARGET = 7.0;
				PRODUCT_NAME = "$(TARGET_NAME)";
				TARGETED_DEVICE_FAMILY = 1;
				WRAPPER_EXTENSION = app;
			};
			name = Release;
		};
		CD6CE3A01EBE25040083C45F /* Debug */ = {
			isa = XCBuildConfiguration;
			baseConfigurationReference = A1628060FC4625CC3C14B270 /* Pods-OneTapAlarmTests.debug.xcconfig */;
			buildSettings = {
				BUNDLE_LOADER = "$(TEST_HOST)";
				CLANG_ANALYZER_NONNULL = YES;
				CLANG_ENABLE_MODULES = YES;
				CLANG_WARN_BOOL_CONVERSION = YES;
				CLANG_WARN_CONSTANT_CONVERSION = YES;
				CLANG_WARN_DIRECT_OBJC_ISA_USAGE = YES_ERROR;
				CLANG_WARN_DOCUMENTATION_COMMENTS = YES;
				CLANG_WARN_ENUM_CONVERSION = YES;
				CLANG_WARN_INFINITE_RECURSION = YES;
				CLANG_WARN_INT_CONVERSION = YES;
				CLANG_WARN_OBJC_ROOT_CLASS = YES_ERROR;
				CLANG_WARN_SUSPICIOUS_MOVE = YES;
				CLANG_WARN_UNREACHABLE_CODE = YES;
				DEBUG_INFORMATION_FORMAT = dwarf;
				DEVELOPMENT_TEAM = MN36AT8M6S;
				ENABLE_STRICT_OBJC_MSGSEND = YES;
				ENABLE_TESTABILITY = YES;
				GCC_NO_COMMON_BLOCKS = YES;
				GCC_WARN_64_TO_32_BIT_CONVERSION = YES;
				GCC_WARN_ABOUT_RETURN_TYPE = YES_ERROR;
				GCC_WARN_UNDECLARED_SELECTOR = YES;
				GCC_WARN_UNINITIALIZED_AUTOS = YES_AGGRESSIVE;
				GCC_WARN_UNUSED_FUNCTION = YES;
				INFOPLIST_FILE = OneTapAlarmTests/Info.plist;
				IPHONEOS_DEPLOYMENT_TARGET = 10.2;
				LD_RUNPATH_SEARCH_PATHS = "$(inherited) @executable_path/Frameworks @loader_path/Frameworks";
				MTL_ENABLE_DEBUG_INFO = YES;
				PRODUCT_BUNDLE_IDENTIFIER = in.ntsh.OneTapAlarmTests;
				PRODUCT_NAME = "$(TARGET_NAME)";
				TEST_HOST = "$(BUILT_PRODUCTS_DIR)/OneTapAlarm.app/OneTapAlarm";
			};
			name = Debug;
		};
		CD6CE3A11EBE25040083C45F /* Release */ = {
			isa = XCBuildConfiguration;
			baseConfigurationReference = 1CB05ADBDFDEDF7941DE7FB0 /* Pods-OneTapAlarmTests.release.xcconfig */;
			buildSettings = {
				BUNDLE_LOADER = "$(TEST_HOST)";
				CLANG_ANALYZER_NONNULL = YES;
				CLANG_ENABLE_MODULES = YES;
				CLANG_WARN_BOOL_CONVERSION = YES;
				CLANG_WARN_CONSTANT_CONVERSION = YES;
				CLANG_WARN_DIRECT_OBJC_ISA_USAGE = YES_ERROR;
				CLANG_WARN_DOCUMENTATION_COMMENTS = YES;
				CLANG_WARN_ENUM_CONVERSION = YES;
				CLANG_WARN_INFINITE_RECURSION = YES;
				CLANG_WARN_INT_CONVERSION = YES;
				CLANG_WARN_OBJC_ROOT_CLASS = YES_ERROR;
				CLANG_WARN_SUSPICIOUS_MOVE = YES;
				CLANG_WARN_UNREACHABLE_CODE = YES;
				"CODE_SIGN_IDENTITY[sdk=iphoneos*]" = "iPhone Developer";
				COPY_PHASE_STRIP = NO;
				DEBUG_INFORMATION_FORMAT = "dwarf-with-dsym";
				DEVELOPMENT_TEAM = MN36AT8M6S;
				ENABLE_NS_ASSERTIONS = NO;
				ENABLE_STRICT_OBJC_MSGSEND = YES;
				GCC_NO_COMMON_BLOCKS = YES;
				GCC_WARN_64_TO_32_BIT_CONVERSION = YES;
				GCC_WARN_ABOUT_RETURN_TYPE = YES_ERROR;
				GCC_WARN_UNDECLARED_SELECTOR = YES;
				GCC_WARN_UNINITIALIZED_AUTOS = YES_AGGRESSIVE;
				GCC_WARN_UNUSED_FUNCTION = YES;
				INFOPLIST_FILE = OneTapAlarmTests/Info.plist;
				IPHONEOS_DEPLOYMENT_TARGET = 10.2;
				LD_RUNPATH_SEARCH_PATHS = "$(inherited) @executable_path/Frameworks @loader_path/Frameworks";
				MTL_ENABLE_DEBUG_INFO = NO;
				PRODUCT_BUNDLE_IDENTIFIER = in.ntsh.OneTapAlarmTests;
				PRODUCT_NAME = "$(TARGET_NAME)";
				TEST_HOST = "$(BUILT_PRODUCTS_DIR)/OneTapAlarm.app/OneTapAlarm";
			};
			name = Release;
		};
/* End XCBuildConfiguration section */

/* Begin XCConfigurationList section */
		B190140D168F015100B5E183 /* Build configuration list for PBXProject "OneTapAlarm" */ = {
			isa = XCConfigurationList;
			buildConfigurations = (
				B1901438168F015200B5E183 /* Debug */,
				B1901439168F015200B5E183 /* Release */,
			);
			defaultConfigurationIsVisible = 0;
			defaultConfigurationName = Release;
		};
		B190143A168F015200B5E183 /* Build configuration list for PBXNativeTarget "OneTapAlarm" */ = {
			isa = XCConfigurationList;
			buildConfigurations = (
				B190143B168F015200B5E183 /* Debug */,
				B190143C168F015200B5E183 /* Release */,
			);
			defaultConfigurationIsVisible = 0;
			defaultConfigurationName = Release;
		};
		CD6CE3A21EBE25040083C45F /* Build configuration list for PBXNativeTarget "OneTapAlarmTests" */ = {
			isa = XCConfigurationList;
			buildConfigurations = (
				CD6CE3A01EBE25040083C45F /* Debug */,
				CD6CE3A11EBE25040083C45F /* Release */,
			);
			defaultConfigurationIsVisible = 0;
			defaultConfigurationName = Release;
		};
/* End XCConfigurationList section */
	};
	rootObject = B190140A168F015100B5E183 /* Project object */;
}
